
Microsoft Visual Studio Solution File, Format Version 12.00
# Visual Studio for Mac
Project("{FAE04EC0-301F-11D3-BF4B-00C04F79EFBC}") = "Assembly-CSharp", "Assembly-CSharp.csproj", "{2C626ED8-C276-D93D-3D49-7128A75F6801}"
EndProject
Global
	GlobalSection(SolutionConfigurationPlatforms) = preSolution
		Debug|Any CPU = Debug|Any CPU
		Release|Any CPU = Release|Any CPU
	EndGlobalSection
	GlobalSection(ProjectConfigurationPlatforms) = postSolution
		{2C626ED8-C276-D93D-3D49-7128A75F6801}.Debug|Any CPU.ActiveCfg = Debug|Any CPU
		{2C626ED8-C276-D93D-3D49-7128A75F6801}.Debug|Any CPU.Build.0 = Debug|Any CPU
		{2C626ED8-C276-D93D-3D49-7128A75F6801}.Release|Any CPU.ActiveCfg = Release|Any CPU
		{2C626ED8-C276-D93D-3D49-7128A75F6801}.Release|Any CPU.Build.0 = Release|Any CPU
	EndGlobalSection
	GlobalSection(SolutionProperties) = preSolution
		HideSolutionNode = FALSE
	EndGlobalSection
EndGlobal
